PODS:
  - Flutter (1.0.0)
  - flutter_email_sender (0.0.1):
    - Flutter
  - gdpr_dialog (0.0.1):
    - Flutter
    - Google-Mobile-Ads-SDK
  - Google-Mobile-Ads-SDK (11.2.0):
    - GoogleUserMessagingPlatform (>= 1.1)
  - google_mobile_ads (5.1.0):
    - Flutter
    - Google-Mobile-Ads-SDK (~> 11.2.0)
    - webview_flutter_wkwebview
  - GoogleUserMessagingPlatform (2.5.0)
  - launch_app_store (0.0.3):
    - Flutter
  - path_provider_foundation (0.0.1):
    - Flutter
    - FlutterMacOS
  - purchases_flutter (6.30.2):
    - Flutter
    - PurchasesHybridCommon (= 11.1.0)
  - PurchasesHybridCommon (11.1.0):
    - RevenueCat (= 4.43.2)
  - rate_my_app (2.2.0):
    - Flutter
    - FlutterMacOS
  - RevenueCat (4.43.2)
  - sensors_plus (0.0.1):
    - Flutter
  - share_plus (0.0.1):
    - Flutter
  - shared_preferences_foundation (0.0.1):
    - Flutter
    - FlutterMacOS
  - soundpool (0.0.1):
    - Flutter
  - url_launcher_ios (0.0.1):
    - Flutter
  - webview_flutter_wkwebview (0.0.1):
    - Flutter

DEPENDENCIES:
  - Flutter (from `Flutter`)
  - flutter_email_sender (from `.symlinks/plugins/flutter_email_sender/ios`)
  - gdpr_dialog (from `.symlinks/plugins/gdpr_dialog/ios`)
  - google_mobile_ads (from `.symlinks/plugins/google_mobile_ads/ios`)
  - launch_app_store (from `.symlinks/plugins/launch_app_store/ios`)
  - path_provider_foundation (from `.symlinks/plugins/path_provider_foundation/darwin`)
  - purchases_flutter (from `.symlinks/plugins/purchases_flutter/ios`)
  - rate_my_app (from `.symlinks/plugins/rate_my_app/darwin`)
  - sensors_plus (from `.symlinks/plugins/sensors_plus/ios`)
  - share_plus (from `.symlinks/plugins/share_plus/ios`)
  - shared_preferences_foundation (from `.symlinks/plugins/shared_preferences_foundation/darwin`)
  - soundpool (from `.symlinks/plugins/soundpool/ios`)
  - url_launcher_ios (from `.symlinks/plugins/url_launcher_ios/ios`)
  - webview_flutter_wkwebview (from `.symlinks/plugins/webview_flutter_wkwebview/ios`)

SPEC REPOS:
  trunk:
    - Google-Mobile-Ads-SDK
    - GoogleUserMessagingPlatform
    - PurchasesHybridCommon
    - RevenueCat

EXTERNAL SOURCES:
  Flutter:
    :path: Flutter
  flutter_email_sender:
    :path: ".symlinks/plugins/flutter_email_sender/ios"
  gdpr_dialog:
    :path: ".symlinks/plugins/gdpr_dialog/ios"
  google_mobile_ads:
    :path: ".symlinks/plugins/google_mobile_ads/ios"
  launch_app_store:
    :path: ".symlinks/plugins/launch_app_store/ios"
  path_provider_foundation:
    :path: ".symlinks/plugins/path_provider_foundation/darwin"
  purchases_flutter:
    :path: ".symlinks/plugins/purchases_flutter/ios"
  rate_my_app:
    :path: ".symlinks/plugins/rate_my_app/darwin"
  sensors_plus:
    :path: ".symlinks/plugins/sensors_plus/ios"
  share_plus:
    :path: ".symlinks/plugins/share_plus/ios"
  shared_preferences_foundation:
    :path: ".symlinks/plugins/shared_preferences_foundation/darwin"
  soundpool:
    :path: ".symlinks/plugins/soundpool/ios"
  url_launcher_ios:
    :path: ".symlinks/plugins/url_launcher_ios/ios"
  webview_flutter_wkwebview:
    :path: ".symlinks/plugins/webview_flutter_wkwebview/ios"

SPEC CHECKSUMS:
  Flutter: e0871f40cf51350855a761d2e70bf5af5b9b5de7
  flutter_email_sender: 10a22605f92809a11ef52b2f412db806c6082d40
  gdpr_dialog: eec161d82025b055e87692e660697a4ea318acf5
  Google-Mobile-Ads-SDK: 5a6d005a6cb5b5e8f4c7b69ca05cdea79c181139
  google_mobile_ads: 9379c80fdfa9988fb0e105a407890ff8deb3cf86
  GoogleUserMessagingPlatform: 6b4f48a370e77ce121d034c908cc6ee4fdafaf13
  launch_app_store: 9ccd81c07a1f6092e8282f0de34330a66c56b1c9
  path_provider_foundation: 2b6b4c569c0fb62ec74538f866245ac84301af46
  purchases_flutter: 42d5544e7730ea89a88cc2f008b7c700fd147052
  PurchasesHybridCommon: 4022d5944cb30ec44ba5159e42aa161fe0e30175
  rate_my_app: cd3e1c44d12f387482698ffaf6ea9bd669a69b94
  RevenueCat: 3d934653b7e8b09af88fd47e9e84cfaf5d0a89ba
  sensors_plus: 5717760720f7e6acd96fdbd75b7428f5ad755ec2
  share_plus: 8875f4f2500512ea181eef553c3e27dba5135aad
  shared_preferences_foundation: fcdcbc04712aee1108ac7fda236f363274528f78
  soundpool: c7f4422ca206e77f8900ed3c4ee6a6ff5a0e38a9
  url_launcher_ios: 5334b05cef931de560670eeae103fd3e431ac3fe
  webview_flutter_wkwebview: 2a23822e9039b7b1bc52e5add778e5d89ad488d1

PODFILE CHECKSUM: d5fce6ab30f8027417642e22424fef4f5b7d83f1

COCOAPODS: 1.13.0
